// !$*UTF8*$!
{
	archiveVersion = 1;
	classes = {
	};
	objectVersion = 51;
	objects = {

/* Begin PBXBuildFile section */
		8D11E5BD23682C040028054C /* BookDetailScreen.swift in Sources */ = {isa = PBXBuildFile; fileRef = 8D11E5BC23682C040028054C /* BookDetailScreen.swift */; };
		8D1393422361856400003670 /* CategoryCell.swift in Sources */ = {isa = PBXBuildFile; fileRef = 8D1393412361856400003670 /* CategoryCell.swift */; };
		8D1393442361882300003670 /* Category.swift in Sources */ = {isa = PBXBuildFile; fileRef = 8D1393432361882300003670 /* Category.swift */; };
		8D13934623618FCA00003670 /* CategoryService.swift in Sources */ = {isa = PBXBuildFile; fileRef = 8D13934523618FCA00003670 /* CategoryService.swift */; };
		8D139348236191CC00003670 /* Constant.swift in Sources */ = {isa = PBXBuildFile; fileRef = 8D139347236191CC00003670 /* Constant.swift */; };
		8D1F6782237114EC00BC850E /* SearchScreen.swift in Sources */ = {isa = PBXBuildFile; fileRef = 8D1F6781237114EC00BC850E /* SearchScreen.swift */; };
		8D38E5382372C2EE0095D2CF /* MyTextField.swift in Sources */ = {isa = PBXBuildFile; fileRef = 8D38E5362372C2EE0095D2CF /* MyTextField.swift */; };
		8D38E5392372C2EE0095D2CF /* ValidateTextField.swift in Sources */ = {isa = PBXBuildFile; fileRef = 8D38E5372372C2EE0095D2CF /* ValidateTextField.swift */; };
		8D38E53B2372C3600095D2CF /* LoginScreen.swift in Sources */ = {isa = PBXBuildFile; fileRef = 8D38E53A2372C3600095D2CF /* LoginScreen.swift */; };
		8D3BFE1023A22C0D00C834E1 /* GoogleService-Info.plist in Resources */ = {isa = PBXBuildFile; fileRef = 8D3BFE0F23A22C0D00C834E1 /* GoogleService-Info.plist */; };
		8D4B5F25237D30AD0063726C /* Book.swift in Sources */ = {isa = PBXBuildFile; fileRef = 8D4B5F24237D30AD0063726C /* Book.swift */; };
		8D4B5F27237D32600063726C /* NewBookService.swift in Sources */ = {isa = PBXBuildFile; fileRef = 8D4B5F26237D32600063726C /* NewBookService.swift */; };
		8D4B5F2B237D4F240063726C /* MostLikedBookService.swift in Sources */ = {isa = PBXBuildFile; fileRef = 8D4B5F2A237D4F240063726C /* MostLikedBookService.swift */; };
		8D4B5F2D237D54D20063726C /* BookCell.swift in Sources */ = {isa = PBXBuildFile; fileRef = 8D4B5F2C237D54D20063726C /* BookCell.swift */; };
		8D5EA8BE2371492700CD7F20 /* Author.swift in Sources */ = {isa = PBXBuildFile; fileRef = 8D5EA8BD2371492700CD7F20 /* Author.swift */; };
		8D5EA8C023714DC900CD7F20 /* AuthorCell.swift in Sources */ = {isa = PBXBuildFile; fileRef = 8D5EA8BF23714DC900CD7F20 /* AuthorCell.swift */; };
		8D5EA8C2237152C500CD7F20 /* AuthorService.swift in Sources */ = {isa = PBXBuildFile; fileRef = 8D5EA8C1237152C500CD7F20 /* AuthorService.swift */; };
		8D5EA8C42371690100CD7F20 /* AllAuthorScreen.swift in Sources */ = {isa = PBXBuildFile; fileRef = 8D5EA8C32371690100CD7F20 /* AllAuthorScreen.swift */; };
		8D65E6A4237CFA6A00B338E9 /* AllButton.swift in Sources */ = {isa = PBXBuildFile; fileRef = 8D65E6A3237CFA6A00B338E9 /* AllButton.swift */; };
		8D65E6A6237CFC4400B338E9 /* TitleLabel.swift in Sources */ = {isa = PBXBuildFile; fileRef = 8D65E6A5237CFC4400B338E9 /* TitleLabel.swift */; };
		8D65E6A9237D020200B338E9 /* ContainerView.swift in Sources */ = {isa = PBXBuildFile; fileRef = 8D65E6A8237D020200B338E9 /* ContainerView.swift */; };
		8D65E6AB237D0B2F00B338E9 /* SubTitleLabel.swift in Sources */ = {isa = PBXBuildFile; fileRef = 8D65E6AA237D0B2F00B338E9 /* SubTitleLabel.swift */; };
		8D65E6AD237D10A400B338E9 /* MyScrollView.swift in Sources */ = {isa = PBXBuildFile; fileRef = 8D65E6AC237D10A400B338E9 /* MyScrollView.swift */; };
		8D927C23237E89E70075C77D /* AllMostViewBookScreen.swift in Sources */ = {isa = PBXBuildFile; fileRef = 8D927C22237E89E70075C77D /* AllMostViewBookScreen.swift */; };
		8D927C25237E9F8E0075C77D /* AllMostLikeBookScreen.swift in Sources */ = {isa = PBXBuildFile; fileRef = 8D927C24237E9F8E0075C77D /* AllMostLikeBookScreen.swift */; };
		8D93FE1A2386732E008901E6 /* CategoryDetailScreen.swift in Sources */ = {isa = PBXBuildFile; fileRef = 8D93FE192386732E008901E6 /* CategoryDetailScreen.swift */; };
		8D93FE1E238686F6008901E6 /* BookService.swift in Sources */ = {isa = PBXBuildFile; fileRef = 8D93FE1D238686F6008901E6 /* BookService.swift */; };
		8D93FE2023868AAF008901E6 /* BookResultCell.swift in Sources */ = {isa = PBXBuildFile; fileRef = 8D93FE1F23868AAF008901E6 /* BookResultCell.swift */; };
		8DA8F05A237DB3D700BE7ABA /* MostViewBookService.swift in Sources */ = {isa = PBXBuildFile; fileRef = 8DA8F059237DB3D700BE7ABA /* MostViewBookService.swift */; };
		8DCF786E23726EB100F877E5 /* AuthorDetailScreen.swift in Sources */ = {isa = PBXBuildFile; fileRef = 8DCF786D23726EB100F877E5 /* AuthorDetailScreen.swift */; };
		8DD601A723ECFB1E0005976D /* UITableView + Extension.swift in Sources */ = {isa = PBXBuildFile; fileRef = 8DD601A623ECFB1E0005976D /* UITableView + Extension.swift */; };
		8DD601AA23ED24AC0005976D /* FirstCell.swift in Sources */ = {isa = PBXBuildFile; fileRef = 8DD601A923ED24AC0005976D /* FirstCell.swift */; };
		8DD601AC23ED24C10005976D /* ActionCell.swift in Sources */ = {isa = PBXBuildFile; fileRef = 8DD601AB23ED24C10005976D /* ActionCell.swift */; };
		8DD601AE23ED24D70005976D /* TitleCell.swift in Sources */ = {isa = PBXBuildFile; fileRef = 8DD601AD23ED24D70005976D /* TitleCell.swift */; };
		8DDAA86E23614890007EE307 /* AppDelegate.swift in Sources */ = {isa = PBXBuildFile; fileRef = 8DDAA86D23614890007EE307 /* AppDelegate.swift */; };
		8DDAA87523614891007EE307 /* Assets.xcassets in Resources */ = {isa = PBXBuildFile; fileRef = 8DDAA87423614891007EE307 /* Assets.xcassets */; };
		8DDAA87823614891007EE307 /* LaunchScreen.storyboard in Resources */ = {isa = PBXBuildFile; fileRef = 8DDAA87623614891007EE307 /* LaunchScreen.storyboard */; };
		8DDAA884236148F1007EE307 /* MainScreen.swift in Sources */ = {isa = PBXBuildFile; fileRef = 8DDAA883236148F1007EE307 /* MainScreen.swift */; };
		8DDAA887236157CF007EE307 /* CategoryScreen.swift in Sources */ = {isa = PBXBuildFile; fileRef = 8DDAA886236157CF007EE307 /* CategoryScreen.swift */; };
		8DDAA889236157F1007EE307 /* PlayingScreen.swift in Sources */ = {isa = PBXBuildFile; fileRef = 8DDAA888236157F1007EE307 /* PlayingScreen.swift */; };
		8DDAA88B2361581D007EE307 /* AccountScreen.swift in Sources */ = {isa = PBXBuildFile; fileRef = 8DDAA88A2361581D007EE307 /* AccountScreen.swift */; };
		8DDAA88D23615A96007EE307 /* CustomTabbar.swift in Sources */ = {isa = PBXBuildFile; fileRef = 8DDAA88C23615A96007EE307 /* CustomTabbar.swift */; };
		F79A6F677235A3EFCABAB2AF /* Pods_AudioBook_Project.framework in Frameworks */ = {isa = PBXBuildFile; fileRef = F28FADDCDB6B6DBFB575F9E4 /* Pods_AudioBook_Project.framework */; };
/* End PBXBuildFile section */

/* Begin PBXFileReference section */
		348D7391AEE46C5E36EF2DA2 /* Pods-AudioBook_Project.release.xcconfig */ = {isa = PBXFileReference; includeInIndex = 1; lastKnownFileType = text.xcconfig; name = "Pods-AudioBook_Project.release.xcconfig"; path = "Target Support Files/Pods-AudioBook_Project/Pods-AudioBook_Project.release.xcconfig"; sourceTree = "<group>"; };
		5079F689752D7B966AEE9EF7 /* Pods-AudioBook_Project.debug.xcconfig */ = {isa = PBXFileReference; includeInIndex = 1; lastKnownFileType = text.xcconfig; name = "Pods-AudioBook_Project.debug.xcconfig"; path = "Target Support Files/Pods-AudioBook_Project/Pods-AudioBook_Project.debug.xcconfig"; sourceTree = "<group>"; };
		8D11E5BC23682C040028054C /* BookDetailScreen.swift */ = {isa = PBXFileReference; lastKnownFileType = sourcecode.swift; path = BookDetailScreen.swift; sourceTree = "<group>"; };
		8D1393412361856400003670 /* CategoryCell.swift */ = {isa = PBXFileReference; lastKnownFileType = sourcecode.swift; path = CategoryCell.swift; sourceTree = "<group>"; };
		8D1393432361882300003670 /* Category.swift */ = {isa = PBXFileReference; lastKnownFileType = sourcecode.swift; path = Category.swift; sourceTree = "<group>"; };
		8D13934523618FCA00003670 /* CategoryService.swift */ = {isa = PBXFileReference; lastKnownFileType = sourcecode.swift; path = CategoryService.swift; sourceTree = "<group>"; };
		8D139347236191CC00003670 /* Constant.swift */ = {isa = PBXFileReference; lastKnownFileType = sourcecode.swift; path = Constant.swift; sourceTree = "<group>"; };
		8D1F6781237114EC00BC850E /* SearchScreen.swift */ = {isa = PBXFileReference; lastKnownFileType = sourcecode.swift; path = SearchScreen.swift; sourceTree = "<group>"; };
		8D38E5362372C2EE0095D2CF /* MyTextField.swift */ = {isa = PBXFileReference; fileEncoding = 4; lastKnownFileType = sourcecode.swift; path = MyTextField.swift; sourceTree = "<group>"; };
		8D38E5372372C2EE0095D2CF /* ValidateTextField.swift */ = {isa = PBXFileReference; fileEncoding = 4; lastKnownFileType = sourcecode.swift; path = ValidateTextField.swift; sourceTree = "<group>"; };
		8D38E53A2372C3600095D2CF /* LoginScreen.swift */ = {isa = PBXFileReference; lastKnownFileType = sourcecode.swift; path = LoginScreen.swift; sourceTree = "<group>"; };
		8D3BFE0F23A22C0D00C834E1 /* GoogleService-Info.plist */ = {isa = PBXFileReference; fileEncoding = 4; lastKnownFileType = text.plist.xml; path = "GoogleService-Info.plist"; sourceTree = "<group>"; };
		8D4B5F24237D30AD0063726C /* Book.swift */ = {isa = PBXFileReference; lastKnownFileType = sourcecode.swift; path = Book.swift; sourceTree = "<group>"; };
		8D4B5F26237D32600063726C /* NewBookService.swift */ = {isa = PBXFileReference; lastKnownFileType = sourcecode.swift; path = NewBookService.swift; sourceTree = "<group>"; };
		8D4B5F2A237D4F240063726C /* MostLikedBookService.swift */ = {isa = PBXFileReference; lastKnownFileType = sourcecode.swift; path = MostLikedBookService.swift; sourceTree = "<group>"; };
		8D4B5F2C237D54D20063726C /* BookCell.swift */ = {isa = PBXFileReference; lastKnownFileType = sourcecode.swift; path = BookCell.swift; sourceTree = "<group>"; };
		8D5EA8BD2371492700CD7F20 /* Author.swift */ = {isa = PBXFileReference; lastKnownFileType = sourcecode.swift; path = Author.swift; sourceTree = "<group>"; };
		8D5EA8BF23714DC900CD7F20 /* AuthorCell.swift */ = {isa = PBXFileReference; lastKnownFileType = sourcecode.swift; path = AuthorCell.swift; sourceTree = "<group>"; };
		8D5EA8C1237152C500CD7F20 /* AuthorService.swift */ = {isa = PBXFileReference; lastKnownFileType = sourcecode.swift; path = AuthorService.swift; sourceTree = "<group>"; };
		8D5EA8C32371690100CD7F20 /* AllAuthorScreen.swift */ = {isa = PBXFileReference; lastKnownFileType = sourcecode.swift; path = AllAuthorScreen.swift; sourceTree = "<group>"; };
		8D65E6A3237CFA6A00B338E9 /* AllButton.swift */ = {isa = PBXFileReference; lastKnownFileType = sourcecode.swift; path = AllButton.swift; sourceTree = "<group>"; };
		8D65E6A5237CFC4400B338E9 /* TitleLabel.swift */ = {isa = PBXFileReference; lastKnownFileType = sourcecode.swift; path = TitleLabel.swift; sourceTree = "<group>"; };
		8D65E6A8237D020200B338E9 /* ContainerView.swift */ = {isa = PBXFileReference; lastKnownFileType = sourcecode.swift; path = ContainerView.swift; sourceTree = "<group>"; };
		8D65E6AA237D0B2F00B338E9 /* SubTitleLabel.swift */ = {isa = PBXFileReference; lastKnownFileType = sourcecode.swift; path = SubTitleLabel.swift; sourceTree = "<group>"; };
		8D65E6AC237D10A400B338E9 /* MyScrollView.swift */ = {isa = PBXFileReference; lastKnownFileType = sourcecode.swift; path = MyScrollView.swift; sourceTree = "<group>"; };
		8D927C22237E89E70075C77D /* AllMostViewBookScreen.swift */ = {isa = PBXFileReference; lastKnownFileType = sourcecode.swift; path = AllMostViewBookScreen.swift; sourceTree = "<group>"; };
		8D927C24237E9F8E0075C77D /* AllMostLikeBookScreen.swift */ = {isa = PBXFileReference; lastKnownFileType = sourcecode.swift; path = AllMostLikeBookScreen.swift; sourceTree = "<group>"; };
		8D93FE192386732E008901E6 /* CategoryDetailScreen.swift */ = {isa = PBXFileReference; lastKnownFileType = sourcecode.swift; path = CategoryDetailScreen.swift; sourceTree = "<group>"; };
		8D93FE1D238686F6008901E6 /* BookService.swift */ = {isa = PBXFileReference; lastKnownFileType = sourcecode.swift; path = BookService.swift; sourceTree = "<group>"; };
		8D93FE1F23868AAF008901E6 /* BookResultCell.swift */ = {isa = PBXFileReference; lastKnownFileType = sourcecode.swift; path = BookResultCell.swift; sourceTree = "<group>"; };
		8DA8F059237DB3D700BE7ABA /* MostViewBookService.swift */ = {isa = PBXFileReference; lastKnownFileType = sourcecode.swift; path = MostViewBookService.swift; sourceTree = "<group>"; };
		8DCF786D23726EB100F877E5 /* AuthorDetailScreen.swift */ = {isa = PBXFileReference; lastKnownFileType = sourcecode.swift; path = AuthorDetailScreen.swift; sourceTree = "<group>"; };
		8DCF788D2372837100F877E5 /* README.md */ = {isa = PBXFileReference; lastKnownFileType = net.daringfireball.markdown; path = README.md; sourceTree = "<group>"; };
		8DD601A623ECFB1E0005976D /* UITableView + Extension.swift */ = {isa = PBXFileReference; lastKnownFileType = sourcecode.swift; path = "UITableView + Extension.swift"; sourceTree = "<group>"; };
		8DD601A923ED24AC0005976D /* FirstCell.swift */ = {isa = PBXFileReference; lastKnownFileType = sourcecode.swift; path = FirstCell.swift; sourceTree = "<group>"; };
		8DD601AB23ED24C10005976D /* ActionCell.swift */ = {isa = PBXFileReference; lastKnownFileType = sourcecode.swift; path = ActionCell.swift; sourceTree = "<group>"; };
		8DD601AD23ED24D70005976D /* TitleCell.swift */ = {isa = PBXFileReference; lastKnownFileType = sourcecode.swift; path = TitleCell.swift; sourceTree = "<group>"; };
		8DDAA86A23614890007EE307 /* AudioBook_Project.app */ = {isa = PBXFileReference; explicitFileType = wrapper.application; includeInIndex = 0; path = AudioBook_Project.app; sourceTree = BUILT_PRODUCTS_DIR; };
		8DDAA86D23614890007EE307 /* AppDelegate.swift */ = {isa = PBXFileReference; lastKnownFileType = sourcecode.swift; path = AppDelegate.swift; sourceTree = "<group>"; };
		8DDAA87423614891007EE307 /* Assets.xcassets */ = {isa = PBXFileReference; lastKnownFileType = folder.assetcatalog; path = Assets.xcassets; sourceTree = "<group>"; };
		8DDAA87723614891007EE307 /* Base */ = {isa = PBXFileReference; lastKnownFileType = file.storyboard; name = Base; path = Base.lproj/LaunchScreen.storyboard; sourceTree = "<group>"; };
		8DDAA87923614891007EE307 /* Info.plist */ = {isa = PBXFileReference; lastKnownFileType = text.plist.xml; path = Info.plist; sourceTree = "<group>"; };
		8DDAA883236148F1007EE307 /* MainScreen.swift */ = {isa = PBXFileReference; lastKnownFileType = sourcecode.swift; path = MainScreen.swift; sourceTree = "<group>"; };
		8DDAA886236157CF007EE307 /* CategoryScreen.swift */ = {isa = PBXFileReference; lastKnownFileType = sourcecode.swift; path = CategoryScreen.swift; sourceTree = "<group>"; };
		8DDAA888236157F1007EE307 /* PlayingScreen.swift */ = {isa = PBXFileReference; lastKnownFileType = sourcecode.swift; path = PlayingScreen.swift; sourceTree = "<group>"; };
		8DDAA88A2361581D007EE307 /* AccountScreen.swift */ = {isa = PBXFileReference; lastKnownFileType = sourcecode.swift; path = AccountScreen.swift; sourceTree = "<group>"; };
		8DDAA88C23615A96007EE307 /* CustomTabbar.swift */ = {isa = PBXFileReference; lastKnownFileType = sourcecode.swift; path = CustomTabbar.swift; sourceTree = "<group>"; };
		F28FADDCDB6B6DBFB575F9E4 /* Pods_AudioBook_Project.framework */ = {isa = PBXFileReference; explicitFileType = wrapper.framework; includeInIndex = 0; path = Pods_AudioBook_Project.framework; sourceTree = BUILT_PRODUCTS_DIR; };
/* End PBXFileReference section */

/* Begin PBXFrameworksBuildPhase section */
		8DDAA86723614890007EE307 /* Frameworks */ = {
			isa = PBXFrameworksBuildPhase;
			buildActionMask = 2147483647;
			files = (
				F79A6F677235A3EFCABAB2AF /* Pods_AudioBook_Project.framework in Frameworks */,
			);
			runOnlyForDeploymentPostprocessing = 0;
		};
/* End PBXFrameworksBuildPhase section */

/* Begin PBXGroup section */
		2615E2B2EC5BF3D89ECEF11C /* Frameworks */ = {
			isa = PBXGroup;
			children = (
				F28FADDCDB6B6DBFB575F9E4 /* Pods_AudioBook_Project.framework */,
			);
			name = Frameworks;
			sourceTree = "<group>";
		};
		5BC6BE33959741BA73C605A8 /* Pods */ = {
			isa = PBXGroup;
			children = (
				5079F689752D7B966AEE9EF7 /* Pods-AudioBook_Project.debug.xcconfig */,
				348D7391AEE46C5E36EF2DA2 /* Pods-AudioBook_Project.release.xcconfig */,
			);
			path = Pods;
			sourceTree = "<group>";
		};
		8D11E5BE23682CF30028054C /* Sub_Screen */ = {
			isa = PBXGroup;
			children = (
				8D11E5BC23682C040028054C /* BookDetailScreen.swift */,
				8D1F6781237114EC00BC850E /* SearchScreen.swift */,
				8D5EA8C32371690100CD7F20 /* AllAuthorScreen.swift */,
				8DCF786D23726EB100F877E5 /* AuthorDetailScreen.swift */,
				8D927C22237E89E70075C77D /* AllMostViewBookScreen.swift */,
				8D927C24237E9F8E0075C77D /* AllMostLikeBookScreen.swift */,
				8D93FE192386732E008901E6 /* CategoryDetailScreen.swift */,
			);
			path = Sub_Screen;
			sourceTree = "<group>";
		};
		8D38E5352372BF880095D2CF /* Login & Register */ = {
			isa = PBXGroup;
			children = (
				8D38E53A2372C3600095D2CF /* LoginScreen.swift */,
			);
			path = "Login & Register";
			sourceTree = "<group>";
		};
		8D65E6A7237D00AC00B338E9 /* My_Custom_UI */ = {
			isa = PBXGroup;
			children = (
				8D38E5372372C2EE0095D2CF /* ValidateTextField.swift */,
				8D65E6A3237CFA6A00B338E9 /* AllButton.swift */,
				8D65E6A5237CFC4400B338E9 /* TitleLabel.swift */,
				8D65E6A8237D020200B338E9 /* ContainerView.swift */,
				8D65E6AA237D0B2F00B338E9 /* SubTitleLabel.swift */,
				8D65E6AC237D10A400B338E9 /* MyScrollView.swift */,
			);
			path = My_Custom_UI;
			sourceTree = "<group>";
		};
		8DD601A523ECFB010005976D /* UI + Extension */ = {
			isa = PBXGroup;
			children = (
				8DD601A623ECFB1E0005976D /* UITableView + Extension.swift */,
			);
			path = "UI + Extension";
			sourceTree = "<group>";
		};
		8DD601A823ED247C0005976D /* TableViewCell & CollectionViewCell */ = {
			isa = PBXGroup;
			children = (
				8D1393412361856400003670 /* CategoryCell.swift */,
				8D5EA8BF23714DC900CD7F20 /* AuthorCell.swift */,
				8D4B5F2C237D54D20063726C /* BookCell.swift */,
				8D93FE1F23868AAF008901E6 /* BookResultCell.swift */,
				8DD601A923ED24AC0005976D /* FirstCell.swift */,
				8DD601AB23ED24C10005976D /* ActionCell.swift */,
				8DD601AD23ED24D70005976D /* TitleCell.swift */,
			);
			path = "TableViewCell & CollectionViewCell";
			sourceTree = "<group>";
		};
		8DDAA86123614890007EE307 = {
			isa = PBXGroup;
			children = (
				8D3BFE0F23A22C0D00C834E1 /* GoogleService-Info.plist */,
				8DCF788D2372837100F877E5 /* README.md */,
				8DDAA86C23614890007EE307 /* AudioBook_Project */,
				8DDAA86B23614890007EE307 /* Products */,
				5BC6BE33959741BA73C605A8 /* Pods */,
				2615E2B2EC5BF3D89ECEF11C /* Frameworks */,
			);
			sourceTree = "<group>";
		};
		8DDAA86B23614890007EE307 /* Products */ = {
			isa = PBXGroup;
			children = (
				8DDAA86A23614890007EE307 /* AudioBook_Project.app */,
			);
			name = Products;
			sourceTree = "<group>";
		};
		8DDAA86C23614890007EE307 /* AudioBook_Project */ = {
			isa = PBXGroup;
			children = (
				8DDAA882236148DC007EE307 /* Service */,
				8DDAA881236148D6007EE307 /* Model */,
				8DDAA880236148D0007EE307 /* View */,
				8DDAA87F236148C6007EE307 /* Controller */,
				8DDAA86D23614890007EE307 /* AppDelegate.swift */,
				8DDAA87423614891007EE307 /* Assets.xcassets */,
				8DDAA87623614891007EE307 /* LaunchScreen.storyboard */,
				8DDAA87923614891007EE307 /* Info.plist */,
			);
			path = AudioBook_Project;
			sourceTree = "<group>";
		};
		8DDAA87F236148C6007EE307 /* Controller */ = {
			isa = PBXGroup;
			children = (
				8D38E5352372BF880095D2CF /* Login & Register */,
				8DDAA88C23615A96007EE307 /* CustomTabbar.swift */,
				8D11E5BE23682CF30028054C /* Sub_Screen */,
				8DDAA88E23615AA0007EE307 /* Main_Screen */,
			);
			path = Controller;
			sourceTree = "<group>";
		};
		8DDAA880236148D0007EE307 /* View */ = {
			isa = PBXGroup;
			children = (
				8DD601A823ED247C0005976D /* TableViewCell & CollectionViewCell */,
				8DD601A523ECFB010005976D /* UI + Extension */,
				8D38E5362372C2EE0095D2CF /* MyTextField.swift */,
				8D65E6A7237D00AC00B338E9 /* My_Custom_UI */,
			);
			path = View;
			sourceTree = "<group>";
		};
		8DDAA881236148D6007EE307 /* Model */ = {
			isa = PBXGroup;
			children = (
				8D1393432361882300003670 /* Category.swift */,
				8D139347236191CC00003670 /* Constant.swift */,
				8D5EA8BD2371492700CD7F20 /* Author.swift */,
				8D4B5F24237D30AD0063726C /* Book.swift */,
			);
			path = Model;
			sourceTree = "<group>";
		};
		8DDAA882236148DC007EE307 /* Service */ = {
			isa = PBXGroup;
			children = (
				8D13934523618FCA00003670 /* CategoryService.swift */,
				8D5EA8C1237152C500CD7F20 /* AuthorService.swift */,
				8D4B5F26237D32600063726C /* NewBookService.swift */,
				8D4B5F2A237D4F240063726C /* MostLikedBookService.swift */,
				8DA8F059237DB3D700BE7ABA /* MostViewBookService.swift */,
				8D93FE1D238686F6008901E6 /* BookService.swift */,
			);
			path = Service;
			sourceTree = "<group>";
		};
		8DDAA88E23615AA0007EE307 /* Main_Screen */ = {
			isa = PBXGroup;
			children = (
				8DDAA883236148F1007EE307 /* MainScreen.swift */,
				8DDAA886236157CF007EE307 /* CategoryScreen.swift */,
				8DDAA888236157F1007EE307 /* PlayingScreen.swift */,
				8DDAA88A2361581D007EE307 /* AccountScreen.swift */,
			);
			path = Main_Screen;
			sourceTree = "<group>";
		};
/* End PBXGroup section */

/* Begin PBXNativeTarget section */
		8DDAA86923614890007EE307 /* AudioBook_Project */ = {
			isa = PBXNativeTarget;
			buildConfigurationList = 8DDAA87C23614891007EE307 /* Build configuration list for PBXNativeTarget "AudioBook_Project" */;
			buildPhases = (
				96D549F0E9E2E82DD87D0136 /* [CP] Check Pods Manifest.lock */,
				8DDAA86623614890007EE307 /* Sources */,
				8DDAA86723614890007EE307 /* Frameworks */,
				8DDAA86823614890007EE307 /* Resources */,
				6396C43A08941B0C0E1E8AE5 /* [CP] Embed Pods Frameworks */,
				4F50420097C574E4F7986B46 /* [CP] Copy Pods Resources */,
			);
			buildRules = (
			);
			dependencies = (
			);
			name = AudioBook_Project;
			productName = AudioBook_Project;
			productReference = 8DDAA86A23614890007EE307 /* AudioBook_Project.app */;
			productType = "com.apple.product-type.application";
		};
/* End PBXNativeTarget section */

/* Begin PBXProject section */
		8DDAA86223614890007EE307 /* Project object */ = {
			isa = PBXProject;
			attributes = {
				LastSwiftUpdateCheck = 1030;
				LastUpgradeCheck = 1030;
				ORGANIZATIONNAME = "Cuong  Pham";
				TargetAttributes = {
					8DDAA86923614890007EE307 = {
						CreatedOnToolsVersion = 10.3;
					};
				};
			};
			buildConfigurationList = 8DDAA86523614890007EE307 /* Build configuration list for PBXProject "AudioBook_Project" */;
			compatibilityVersion = "Xcode 9.3";
			developmentRegion = en;
			hasScannedForEncodings = 0;
			knownRegions = (
				en,
				Base,
			);
			mainGroup = 8DDAA86123614890007EE307;
			productRefGroup = 8DDAA86B23614890007EE307 /* Products */;
			projectDirPath = "";
			projectRoot = "";
			targets = (
				8DDAA86923614890007EE307 /* AudioBook_Project */,
			);
		};
/* End PBXProject section */

/* Begin PBXResourcesBuildPhase section */
		8DDAA86823614890007EE307 /* Resources */ = {
			isa = PBXResourcesBuildPhase;
			buildActionMask = 2147483647;
			files = (
				8DDAA87823614891007EE307 /* LaunchScreen.storyboard in Resources */,
				8DDAA87523614891007EE307 /* Assets.xcassets in Resources */,
				8D3BFE1023A22C0D00C834E1 /* GoogleService-Info.plist in Resources */,
			);
			runOnlyForDeploymentPostprocessing = 0;
		};
/* End PBXResourcesBuildPhase section */

/* Begin PBXShellScriptBuildPhase section */
		4F50420097C574E4F7986B46 /* [CP] Copy Pods Resources */ = {
			isa = PBXShellScriptBuildPhase;
			buildActionMask = 2147483647;
			files = (
			);
			inputFileListPaths = (
				"${PODS_ROOT}/Target Support Files/Pods-AudioBook_Project/Pods-AudioBook_Project-resources-${CONFIGURATION}-input-files.xcfilelist",
			);
			name = "[CP] Copy Pods Resources";
			outputFileListPaths = (
				"${PODS_ROOT}/Target Support Files/Pods-AudioBook_Project/Pods-AudioBook_Project-resources-${CONFIGURATION}-output-files.xcfilelist",
			);
			runOnlyForDeploymentPostprocessing = 0;
			shellPath = /bin/sh;
			shellScript = "\"${PODS_ROOT}/Target Support Files/Pods-AudioBook_Project/Pods-AudioBook_Project-resources.sh\"\n";
			showEnvVarsInLog = 0;
		};
		6396C43A08941B0C0E1E8AE5 /* [CP] Embed Pods Frameworks */ = {
			isa = PBXShellScriptBuildPhase;
			buildActionMask = 2147483647;
			files = (
			);
			inputFileListPaths = (
				"${PODS_ROOT}/Target Support Files/Pods-AudioBook_Project/Pods-AudioBook_Project-frameworks-${CONFIGURATION}-input-files.xcfilelist",
			);
			name = "[CP] Embed Pods Frameworks";
			outputFileListPaths = (
				"${PODS_ROOT}/Target Support Files/Pods-AudioBook_Project/Pods-AudioBook_Project-frameworks-${CONFIGURATION}-output-files.xcfilelist",
			);
			runOnlyForDeploymentPostprocessing = 0;
			shellPath = /bin/sh;
			shellScript = "\"${PODS_ROOT}/Target Support Files/Pods-AudioBook_Project/Pods-AudioBook_Project-frameworks.sh\"\n";
			showEnvVarsInLog = 0;
		};
		96D549F0E9E2E82DD87D0136 /* [CP] Check Pods Manifest.lock */ = {
			isa = PBXShellScriptBuildPhase;
			buildActionMask = 2147483647;
			files = (
			);
			inputFileListPaths = (
			);
			inputPaths = (
				"${PODS_PODFILE_DIR_PATH}/Podfile.lock",
				"${PODS_ROOT}/Manifest.lock",
			);
			name = "[CP] Check Pods Manifest.lock";
			outputFileListPaths = (
			);
			outputPaths = (
				"$(DERIVED_FILE_DIR)/Pods-AudioBook_Project-checkManifestLockResult.txt",
			);
			runOnlyForDeploymentPostprocessing = 0;
			shellPath = /bin/sh;
			shellScript = "diff \"${PODS_PODFILE_DIR_PATH}/Podfile.lock\" \"${PODS_ROOT}/Manifest.lock\" > /dev/null\nif [ $? != 0 ] ; then\n    # print error to STDERR\n    echo \"error: The sandbox is not in sync with the Podfile.lock. Run 'pod install' or update your CocoaPods installation.\" >&2\n    exit 1\nfi\n# This output is used by Xcode 'outputs' to avoid re-running this script phase.\necho \"SUCCESS\" > \"${SCRIPT_OUTPUT_FILE_0}\"\n";
			showEnvVarsInLog = 0;
		};
/* End PBXShellScriptBuildPhase section */

/* Begin PBXSourcesBuildPhase section */
		8DDAA86623614890007EE307 /* Sources */ = {
			isa = PBXSourcesBuildPhase;
			buildActionMask = 2147483647;
			files = (
				8DDAA88D23615A96007EE307 /* CustomTabbar.swift in Sources */,
				8DDAA887236157CF007EE307 /* CategoryScreen.swift in Sources */,
				8D93FE2023868AAF008901E6 /* BookResultCell.swift in Sources */,
				8D5EA8C42371690100CD7F20 /* AllAuthorScreen.swift in Sources */,
				8D65E6A6237CFC4400B338E9 /* TitleLabel.swift in Sources */,
				8DDAA884236148F1007EE307 /* MainScreen.swift in Sources */,
				8D4B5F2B237D4F240063726C /* MostLikedBookService.swift in Sources */,
				8D1F6782237114EC00BC850E /* SearchScreen.swift in Sources */,
				8D38E5382372C2EE0095D2CF /* MyTextField.swift in Sources */,
				8D4B5F25237D30AD0063726C /* Book.swift in Sources */,
				8DCF786E23726EB100F877E5 /* AuthorDetailScreen.swift in Sources */,
				8D65E6AD237D10A400B338E9 /* MyScrollView.swift in Sources */,
				8DD601AE23ED24D70005976D /* TitleCell.swift in Sources */,
				8D93FE1E238686F6008901E6 /* BookService.swift in Sources */,
				8D11E5BD23682C040028054C /* BookDetailScreen.swift in Sources */,
				8D13934623618FCA00003670 /* CategoryService.swift in Sources */,
				8D4B5F27237D32600063726C /* NewBookService.swift in Sources */,
				8D93FE1A2386732E008901E6 /* CategoryDetailScreen.swift in Sources */,
				8D1393422361856400003670 /* CategoryCell.swift in Sources */,
				8DDAA889236157F1007EE307 /* PlayingScreen.swift in Sources */,
				8D38E53B2372C3600095D2CF /* LoginScreen.swift in Sources */,
				8D927C23237E89E70075C77D /* AllMostViewBookScreen.swift in Sources */,
				8D5EA8BE2371492700CD7F20 /* Author.swift in Sources */,
				8DD601A723ECFB1E0005976D /* UITableView + Extension.swift in Sources */,
				8D38E5392372C2EE0095D2CF /* ValidateTextField.swift in Sources */,
				8DDAA88B2361581D007EE307 /* AccountScreen.swift in Sources */,
				8D65E6A4237CFA6A00B338E9 /* AllButton.swift in Sources */,
				8D139348236191CC00003670 /* Constant.swift in Sources */,
				8D65E6A9237D020200B338E9 /* ContainerView.swift in Sources */,
				8DA8F05A237DB3D700BE7ABA /* MostViewBookService.swift in Sources */,
				8DD601AA23ED24AC0005976D /* FirstCell.swift in Sources */,
				8DDAA86E23614890007EE307 /* AppDelegate.swift in Sources */,
				8D5EA8C023714DC900CD7F20 /* AuthorCell.swift in Sources */,
				8DD601AC23ED24C10005976D /* ActionCell.swift in Sources */,
				8D927C25237E9F8E0075C77D /* AllMostLikeBookScreen.swift in Sources */,
				8D5EA8C2237152C500CD7F20 /* AuthorService.swift in Sources */,
				8D4B5F2D237D54D20063726C /* BookCell.swift in Sources */,
				8D65E6AB237D0B2F00B338E9 /* SubTitleLabel.swift in Sources */,
				8D1393442361882300003670 /* Category.swift in Sources */,
			);
			runOnlyForDeploymentPostprocessing = 0;
		};
/* End PBXSourcesBuildPhase section */

/* Begin PBXVariantGroup section */
		8DDAA87623614891007EE307 /* LaunchScreen.storyboard */ = {
			isa = PBXVariantGroup;
			children = (
				8DDAA87723614891007EE307 /* Base */,
			);
			name = LaunchScreen.storyboard;
			sourceTree = "<group>";
		};
/* End PBXVariantGroup section */

/* Begin XCBuildConfiguration section */
		8DDAA87A23614891007EE307 /* Debug */ = {
			isa = XCBuildConfiguration;
			buildSettings = {
				ALWAYS_SEARCH_USER_PATHS = NO;
				CLANG_ANALYZER_NONNULL = YES;
				CLANG_ANALYZER_NUMBER_OBJECT_CONVERSION = YES_AGGRESSIVE;
				CLANG_CXX_LANGUAGE_STANDARD = "gnu++14";
				CLANG_CXX_LIBRARY = "libc++";
				CLANG_ENABLE_MODULES = YES;
				CLANG_ENABLE_OBJC_ARC = YES;
				CLANG_ENABLE_OBJC_WEAK = YES;
				CLANG_WARN_BLOCK_CAPTURE_AUTORELEASING = YES;
				CLANG_WARN_BOOL_CONVERSION = YES;
				CLANG_WARN_COMMA = YES;
				CLANG_WARN_CONSTANT_CONVERSION = YES;
				CLANG_WARN_DEPRECATED_OBJC_IMPLEMENTATIONS = YES;
				CLANG_WARN_DIRECT_OBJC_ISA_USAGE = YES_ERROR;
				CLANG_WARN_DOCUMENTATION_COMMENTS = YES;
				CLANG_WARN_EMPTY_BODY = YES;
				CLANG_WARN_ENUM_CONVERSION = YES;
				CLANG_WARN_INFINITE_RECURSION = YES;
				CLANG_WARN_INT_CONVERSION = YES;
				CLANG_WARN_NON_LITERAL_NULL_CONVERSION = YES;
				CLANG_WARN_OBJC_IMPLICIT_RETAIN_SELF = YES;
				CLANG_WARN_OBJC_LITERAL_CONVERSION = YES;
				CLANG_WARN_OBJC_ROOT_CLASS = YES_ERROR;
				CLANG_WARN_RANGE_LOOP_ANALYSIS = YES;
				CLANG_WARN_STRICT_PROTOTYPES = YES;
				CLANG_WARN_SUSPICIOUS_MOVE = YES;
				CLANG_WARN_UNGUARDED_AVAILABILITY = YES_AGGRESSIVE;
				CLANG_WARN_UNREACHABLE_CODE = YES;
				CLANG_WARN__DUPLICATE_METHOD_MATCH = YES;
				CODE_SIGN_IDENTITY = "iPhone Developer";
				COPY_PHASE_STRIP = NO;
				DEBUG_INFORMATION_FORMAT = dwarf;
				ENABLE_STRICT_OBJC_MSGSEND = YES;
				ENABLE_TESTABILITY = YES;
				GCC_C_LANGUAGE_STANDARD = gnu11;
				GCC_DYNAMIC_NO_PIC = NO;
				GCC_NO_COMMON_BLOCKS = YES;
				GCC_OPTIMIZATION_LEVEL = 0;
				GCC_PREPROCESSOR_DEFINITIONS = (
					"DEBUG=1",
					"$(inherited)",
				);
				GCC_WARN_64_TO_32_BIT_CONVERSION = YES;
				GCC_WARN_ABOUT_RETURN_TYPE = YES_ERROR;
				GCC_WARN_UNDECLARED_SELECTOR = YES;
				GCC_WARN_UNINITIALIZED_AUTOS = YES_AGGRESSIVE;
				GCC_WARN_UNUSED_FUNCTION = YES;
				GCC_WARN_UNUSED_VARIABLE = YES;
				IPHONEOS_DEPLOYMENT_TARGET = 12.4;
				MTL_ENABLE_DEBUG_INFO = INCLUDE_SOURCE;
				MTL_FAST_MATH = YES;
				ONLY_ACTIVE_ARCH = YES;
				SDKROOT = iphoneos;
				SWIFT_ACTIVE_COMPILATION_CONDITIONS = DEBUG;
				SWIFT_OPTIMIZATION_LEVEL = "-Onone";
			};
			name = Debug;
		};
		8DDAA87B23614891007EE307 /* Release */ = {
			isa = XCBuildConfiguration;
			buildSettings = {
				ALWAYS_SEARCH_USER_PATHS = NO;
				CLANG_ANALYZER_NONNULL = YES;
				CLANG_ANALYZER_NUMBER_OBJECT_CONVERSION = YES_AGGRESSIVE;
				CLANG_CXX_LANGUAGE_STANDARD = "gnu++14";
				CLANG_CXX_LIBRARY = "libc++";
				CLANG_ENABLE_MODULES = YES;
				CLANG_ENABLE_OBJC_ARC = YES;
				CLANG_ENABLE_OBJC_WEAK = YES;
				CLANG_WARN_BLOCK_CAPTURE_AUTORELEASING = YES;
				CLANG_WARN_BOOL_CONVERSION = YES;
				CLANG_WARN_COMMA = YES;
				CLANG_WARN_CONSTANT_CONVERSION = YES;
				CLANG_WARN_DEPRECATED_OBJC_IMPLEMENTATIONS = YES;
				CLANG_WARN_DIRECT_OBJC_ISA_USAGE = YES_ERROR;
				CLANG_WARN_DOCUMENTATION_COMMENTS = YES;
				CLANG_WARN_EMPTY_BODY = YES;
				CLANG_WARN_ENUM_CONVERSION = YES;
				CLANG_WARN_INFINITE_RECURSION = YES;
				CLANG_WARN_INT_CONVERSION = YES;
				CLANG_WARN_NON_LITERAL_NULL_CONVERSION = YES;
				CLANG_WARN_OBJC_IMPLICIT_RETAIN_SELF = YES;
				CLANG_WARN_OBJC_LITERAL_CONVERSION = YES;
				CLANG_WARN_OBJC_ROOT_CLASS = YES_ERROR;
				CLANG_WARN_RANGE_LOOP_ANALYSIS = YES;
				CLANG_WARN_STRICT_PROTOTYPES = YES;
				CLANG_WARN_SUSPICIOUS_MOVE = YES;
				CLANG_WARN_UNGUARDED_AVAILABILITY = YES_AGGRESSIVE;
				CLANG_WARN_UNREACHABLE_CODE = YES;
				CLANG_WARN__DUPLICATE_METHOD_MATCH = YES;
				CODE_SIGN_IDENTITY = "iPhone Developer";
				COPY_PHASE_STRIP = NO;
				DEBUG_INFORMATION_FORMAT = "dwarf-with-dsym";
				ENABLE_NS_ASSERTIONS = NO;
				ENABLE_STRICT_OBJC_MSGSEND = YES;
				GCC_C_LANGUAGE_STANDARD = gnu11;
				GCC_NO_COMMON_BLOCKS = YES;
				GCC_WARN_64_TO_32_BIT_CONVERSION = YES;
				GCC_WARN_ABOUT_RETURN_TYPE = YES_ERROR;
				GCC_WARN_UNDECLARED_SELECTOR = YES;
				GCC_WARN_UNINITIALIZED_AUTOS = YES_AGGRESSIVE;
				GCC_WARN_UNUSED_FUNCTION = YES;
				GCC_WARN_UNUSED_VARIABLE = YES;
				IPHONEOS_DEPLOYMENT_TARGET = 12.4;
				MTL_ENABLE_DEBUG_INFO = NO;
				MTL_FAST_MATH = YES;
				SDKROOT = iphoneos;
				SWIFT_COMPILATION_MODE = wholemodule;
				SWIFT_OPTIMIZATION_LEVEL = "-O";
				VALIDATE_PRODUCT = YES;
			};
			name = Release;
		};
		8DDAA87D23614891007EE307 /* Debug */ = {
			isa = XCBuildConfiguration;
			baseConfigurationReference = 5079F689752D7B966AEE9EF7 /* Pods-AudioBook_Project.debug.xcconfig */;
			buildSettings = {
				ASSETCATALOG_COMPILER_APPICON_NAME = AppIcon;
				CODE_SIGN_STYLE = Automatic;
				DEVELOPMENT_TEAM = XTDG966Y87;
				INFOPLIST_FILE = AudioBook_Project/Info.plist;
				IPHONEOS_DEPLOYMENT_TARGET = 11.0;
				LD_RUNPATH_SEARCH_PATHS = (
					"$(inherited)",
					"@executable_path/Frameworks",
				);
				PRODUCT_BUNDLE_IDENTIFIER = "com.cuongpham.AudioBook-Project";
				PRODUCT_NAME = "$(TARGET_NAME)";
				SWIFT_VERSION = 5.0;
				TARGETED_DEVICE_FAMILY = 1;
			};
			name = Debug;
		};
		8DDAA87E23614891007EE307 /* Release */ = {
			isa = XCBuildConfiguration;
			baseConfigurationReference = 348D7391AEE46C5E36EF2DA2 /* Pods-AudioBook_Project.release.xcconfig */;
			buildSettings = {
				ASSETCATALOG_COMPILER_APPICON_NAME = AppIcon;
				CODE_SIGN_STYLE = Automatic;
				DEVELOPMENT_TEAM = XTDG966Y87;
				INFOPLIST_FILE = AudioBook_Project/Info.plist;
				IPHONEOS_DEPLOYMENT_TARGET = 11.0;
				LD_RUNPATH_SEARCH_PATHS = (
					"$(inherited)",
					"@executable_path/Frameworks",
				);
				PRODUCT_BUNDLE_IDENTIFIER = "com.cuongpham.AudioBook-Project";
				PRODUCT_NAME = "$(TARGET_NAME)";
				SWIFT_VERSION = 5.0;
				TARGETED_DEVICE_FAMILY = 1;
			};
			name = Release;
		};
/* End XCBuildConfiguration section */

/* Begin XCConfigurationList section */
		8DDAA86523614890007EE307 /* Build configuration list for PBXProject "AudioBook_Project" */ = {
			isa = XCConfigurationList;
			buildConfigurations = (
				8DDAA87A23614891007EE307 /* Debug */,
				8DDAA87B23614891007EE307 /* Release */,
			);
			defaultConfigurationIsVisible = 0;
			defaultConfigurationName = Release;
		};
		8DDAA87C23614891007EE307 /* Build configuration list for PBXNativeTarget "AudioBook_Project" */ = {
			isa = XCConfigurationList;
			buildConfigurations = (
				8DDAA87D23614891007EE307 /* Debug */,
				8DDAA87E23614891007EE307 /* Release */,
			);
			defaultConfigurationIsVisible = 0;
			defaultConfigurationName = Release;
		};
/* End XCConfigurationList section */
	};
	rootObject = 8DDAA86223614890007EE307 /* Project object */;
}
